
Microsoft Visual Studio Solution File, Format Version 12.00
# Visual Studio Version 17
VisualStudioVersion = 17.14.36518.9 d17.14
MinimumVisualStudioVersion = 10.0.40219.1
Project("{FAE04EC0-301F-11D3-BF4B-00C04F79EFBC}") = "CarDealership", "CarDealership\CarDealership.csproj", "{1837B89B-94ED-491E-9A56-B8C6E08F8867}"
EndProject
Global
	GlobalSection(SolutionConfigurationPlatforms) = preSolution
		Debug|Any CPU = Debug|Any CPU
		Release|Any CPU = Release|Any CPU
	EndGlobalSection
	GlobalSection(ProjectConfigurationPlatforms) = postSolution
		{1837B89B-94ED-491E-9A56-B8C6E08F8867}.Debug|Any CPU.ActiveCfg = Debug|Any CPU
		{1837B89B-94ED-491E-9A56-B8C6E08F8867}.Debug|Any CPU.Build.0 = Debug|Any CPU
		{1837B89B-94ED-491E-9A56-B8C6E08F8867}.Release|Any CPU.ActiveCfg = Release|Any CPU
		{1837B89B-94ED-491E-9A56-B8C6E08F8867}.Release|Any CPU.Build.0 = Release|Any CPU
	EndGlobalSection
	GlobalSection(SolutionProperties) = preSolution
		HideSolutionNode = FALSE
	EndGlobalSection
	GlobalSection(ExtensibilityGlobals) = postSolution
		SolutionGuid = {82924EDE-20B6-4CF9-92AC-DDE2E6F8DB3A}
	EndGlobalSection
EndGlobal
